# THIS IS AN AUTOGENERATED FILE. DO NOT EDIT THIS FILE DIRECTLY.
# yarn lockfile v1


"@types/prop-types@*":
  version "15.5.8"
  resolved "https://registry.yarnpkg.com/@types/prop-types/-/prop-types-15.5.8.tgz#8ae4e0ea205fe95c3901a5a1df7f66495e3a56ce"
  integrity sha512-3AQoUxQcQtLHsK25wtTWIoIpgYjH3vSDroZOUr7PpCHw/jLY1RB9z9E8dBT/OSmwStVgkRNvdh+ZHNiomRieaw==

"@types/react-native@*":
  version "0.57.32"
  resolved "https://registry.yarnpkg.com/@types/react-native/-/react-native-0.57.32.tgz#5c4d43fe50f4bae81390e835209d501270b9704a"
  integrity sha512-Fx3el9h+BlS86aB9tTc8dgybd/kb0g0UeRGfuTtFaDrPI95IbIymWPnQ+aALh5FOovQ47xq1TTB7J6Nf86lHRw==
  dependencies:
    "@types/prop-types" "*"
    "@types/react" "*"

"@types/react@*":
  version "16.7.20"
  resolved "https://registry.yarnpkg.com/@types/react/-/react-16.7.20.tgz#13ae752c012710d0fa800985ca809814b51d3b58"
  integrity sha512-Qd5RWkwl6SL7R2XzLk/cicjVQm1Mhc6HqXY5Ei4pWd1Vi8Fkbd5O0sA398x8fRSTPAuHdDYD9nrWmJMYTJI0vQ==
  dependencies:
    "@types/prop-types" "*"
    csstype "^2.2.0"

csstype@^2.2.0:
  version "2.6.1"
  resolved "https://registry.yarnpkg.com/csstype/-/csstype-2.6.1.tgz#4cfbf637a577497036ebcd7e32647ef19a0b8076"
  integrity sha512-wv7IRqCGsL7WGKB8gPvrl+++HlFM9kxAM6jL1EXNPNTshEJYilMkbfS2SnuHha77uosp/YVK0wAp2jmlBzn1tg==
